
Microsoft Visual Studio Solution File, Format Version 12.00
# Visual Studio Version 17
VisualStudioVersion = 17.10.35027.167
MinimumVisualStudioVersion = 10.0.40219.1
Project("{FAE04EC0-301F-11D3-BF4B-00C04F79EFBC}") = "06", "06.csproj", "{EC41F7EE-667B-4D98-8D8B-A7B4D69D111C}"
EndProject
Global
	GlobalSection(SolutionConfigurationPlatforms) = preSolution
		Debug|Any CPU = Debug|Any CPU
		Release|Any CPU = Release|Any CPU
	EndGlobalSection
	GlobalSection(ProjectConfigurationPlatforms) = postSolution
		{EC41F7EE-667B-4D98-8D8B-A7B4D69D111C}.Debug|Any CPU.ActiveCfg = Debug|Any CPU
		{EC41F7EE-667B-4D98-8D8B-A7B4D69D111C}.Debug|Any CPU.Build.0 = Debug|Any CPU
		{EC41F7EE-667B-4D98-8D8B-A7B4D69D111C}.Release|Any CPU.ActiveCfg = Release|Any CPU
		{EC41F7EE-667B-4D98-8D8B-A7B4D69D111C}.Release|Any CPU.Build.0 = Release|Any CPU
	EndGlobalSection
	GlobalSection(SolutionProperties) = preSolution
		HideSolutionNode = FALSE
	EndGlobalSection
	GlobalSection(ExtensibilityGlobals) = postSolution
		SolutionGuid = {D545BDD7-4A25-4F83-B5D0-07A14AE74ED8}
	EndGlobalSection
EndGlobal
